// !$*UTF8*$!
{
	archiveVersion = 1;
	classes = {
	};
	objectVersion = 50;
	objects = {

/* Begin PBXBuildFile section */
		632F0D82256FED2600BDD25A /* FriendViewController.swift in Sources */ = {isa = PBXBuildFile; fileRef = 632F0D81256FED2600BDD25A /* FriendViewController.swift */; };
		63AAF20D2549B4E60082A43D /* AppDelegate.swift in Sources */ = {isa = PBXBuildFile; fileRef = 63AAF20C2549B4E60082A43D /* AppDelegate.swift */; };
		63AAF20F2549B4E60082A43D /* SceneDelegate.swift in Sources */ = {isa = PBXBuildFile; fileRef = 63AAF20E2549B4E60082A43D /* SceneDelegate.swift */; };
		63AAF2112549B4E60082A43D /* MainViewController.swift in Sources */ = {isa = PBXBuildFile; fileRef = 63AAF2102549B4E60082A43D /* MainViewController.swift */; };
		63AAF2142549B4E60082A43D /* Main.storyboard in Resources */ = {isa = PBXBuildFile; fileRef = 63AAF2122549B4E60082A43D /* Main.storyboard */; };
		63AAF2172549B4E60082A43D /* likeVK.xcdatamodeld in Sources */ = {isa = PBXBuildFile; fileRef = 63AAF2152549B4E60082A43D /* likeVK.xcdatamodeld */; };
		63AAF2192549B4EB0082A43D /* Assets.xcassets in Resources */ = {isa = PBXBuildFile; fileRef = 63AAF2182549B4EB0082A43D /* Assets.xcassets */; };
		63AAF21C2549B4EB0082A43D /* LaunchScreen.storyboard in Resources */ = {isa = PBXBuildFile; fileRef = 63AAF21A2549B4EB0082A43D /* LaunchScreen.storyboard */; };
		63BF7ADA2554166D002199A5 /* User.swift in Sources */ = {isa = PBXBuildFile; fileRef = 63BF7AD92554166D002199A5 /* User.swift */; };
		63C2254B256473AB00602A1B /* UserPhotoPreviewCollectionViewCell.swift in Sources */ = {isa = PBXBuildFile; fileRef = 63C22549256473AB00602A1B /* UserPhotoPreviewCollectionViewCell.swift */; };
		63C2254C256473AB00602A1B /* UserPhotoPreviewCollectionViewCell.xib in Resources */ = {isa = PBXBuildFile; fileRef = 63C2254A256473AB00602A1B /* UserPhotoPreviewCollectionViewCell.xib */; };
		63C2254F2564792E00602A1B /* PhotoGalleryService.swift in Sources */ = {isa = PBXBuildFile; fileRef = 63C2254E2564792E00602A1B /* PhotoGalleryService.swift */; };
		63E2FC20254AD6DF00F1E0DE /* VerticalUserPreviewCollectionViewCell.swift in Sources */ = {isa = PBXBuildFile; fileRef = 63E2FC1E254AD6DF00F1E0DE /* VerticalUserPreviewCollectionViewCell.swift */; };
		63E2FC21254AD6DF00F1E0DE /* VerticalUserPreviewCollectionViewCell.xib in Resources */ = {isa = PBXBuildFile; fileRef = 63E2FC1F254AD6DF00F1E0DE /* VerticalUserPreviewCollectionViewCell.xib */; };
		63E2FC2E254B03C500F1E0DE /* AuthScreen.storyboard in Resources */ = {isa = PBXBuildFile; fileRef = 63E2FC2D254B03C500F1E0DE /* AuthScreen.storyboard */; };
		63E2FC3225503B4200F1E0DE /* AuthScreenViewController.swift in Sources */ = {isa = PBXBuildFile; fileRef = 63E2FC3125503B4200F1E0DE /* AuthScreenViewController.swift */; };
		63E6893025545726000290F2 /* TextFieldExtension.swift in Sources */ = {isa = PBXBuildFile; fileRef = 63E6892F25545726000290F2 /* TextFieldExtension.swift */; };
		63E689362554B93B000290F2 /* DataBaseService.swift in Sources */ = {isa = PBXBuildFile; fileRef = 63E689352554B93B000290F2 /* DataBaseService.swift */; };
		63E6894425597B82000290F2 /* HorizontalUserPreviewTableViewCell.swift in Sources */ = {isa = PBXBuildFile; fileRef = 63E6894225597B82000290F2 /* HorizontalUserPreviewTableViewCell.swift */; };
		63E6894525597B82000290F2 /* HorizontalUserPreviewTableViewCell.xib in Resources */ = {isa = PBXBuildFile; fileRef = 63E6894325597B82000290F2 /* HorizontalUserPreviewTableViewCell.xib */; };
		63E6894B25597BB0000290F2 /* Profile.storyboard in Resources */ = {isa = PBXBuildFile; fileRef = 63E6894A25597BB0000290F2 /* Profile.storyboard */; };
		63EA6A8B25519F6F00ECE6CA /* ProfileViewController.swift in Sources */ = {isa = PBXBuildFile; fileRef = 63EA6A8A25519F6F00ECE6CA /* ProfileViewController.swift */; };
		63EA6A962551C18700ECE6CA /* FriendListViewController.swift in Sources */ = {isa = PBXBuildFile; fileRef = 63EA6A952551C18700ECE6CA /* FriendListViewController.swift */; };
		63F6B169256CE93B004DC52D /* FeedTableViewCell.swift in Sources */ = {isa = PBXBuildFile; fileRef = 63F6B167256CE93B004DC52D /* FeedTableViewCell.swift */; };
		63F6B16A256CE93B004DC52D /* FeedTableViewCell.xib in Resources */ = {isa = PBXBuildFile; fileRef = 63F6B168256CE93B004DC52D /* FeedTableViewCell.xib */; };
		63F6B16D256D1AAA004DC52D /* FeedItem.swift in Sources */ = {isa = PBXBuildFile; fileRef = 63F6B16C256D1AAA004DC52D /* FeedItem.swift */; };
/* End PBXBuildFile section */

/* Begin PBXFileReference section */
		632F0D81256FED2600BDD25A /* FriendViewController.swift */ = {isa = PBXFileReference; lastKnownFileType = sourcecode.swift; path = FriendViewController.swift; sourceTree = "<group>"; };
		63AAF2092549B4E60082A43D /* likeVK.app */ = {isa = PBXFileReference; explicitFileType = wrapper.application; includeInIndex = 0; path = likeVK.app; sourceTree = BUILT_PRODUCTS_DIR; };
		63AAF20C2549B4E60082A43D /* AppDelegate.swift */ = {isa = PBXFileReference; lastKnownFileType = sourcecode.swift; path = AppDelegate.swift; sourceTree = "<group>"; };
		63AAF20E2549B4E60082A43D /* SceneDelegate.swift */ = {isa = PBXFileReference; lastKnownFileType = sourcecode.swift; path = SceneDelegate.swift; sourceTree = "<group>"; };
		63AAF2102549B4E60082A43D /* MainViewController.swift */ = {isa = PBXFileReference; lastKnownFileType = sourcecode.swift; path = MainViewController.swift; sourceTree = "<group>"; };
		63AAF2132549B4E60082A43D /* Base */ = {isa = PBXFileReference; lastKnownFileType = file.storyboard; name = Base; path = Base.lproj/Main.storyboard; sourceTree = "<group>"; };
		63AAF2162549B4E60082A43D /* likeVK.xcdatamodel */ = {isa = PBXFileReference; lastKnownFileType = wrapper.xcdatamodel; path = likeVK.xcdatamodel; sourceTree = "<group>"; };
		63AAF2182549B4EB0082A43D /* Assets.xcassets */ = {isa = PBXFileReference; lastKnownFileType = folder.assetcatalog; path = Assets.xcassets; sourceTree = "<group>"; };
		63AAF21B2549B4EB0082A43D /* Base */ = {isa = PBXFileReference; lastKnownFileType = file.storyboard; name = Base; path = Base.lproj/LaunchScreen.storyboard; sourceTree = "<group>"; };
		63AAF21D2549B4EB0082A43D /* Info.plist */ = {isa = PBXFileReference; lastKnownFileType = text.plist.xml; path = Info.plist; sourceTree = "<group>"; };
		63BF7AD92554166D002199A5 /* User.swift */ = {isa = PBXFileReference; lastKnownFileType = sourcecode.swift; path = User.swift; sourceTree = "<group>"; };
		63C22549256473AB00602A1B /* UserPhotoPreviewCollectionViewCell.swift */ = {isa = PBXFileReference; lastKnownFileType = sourcecode.swift; path = UserPhotoPreviewCollectionViewCell.swift; sourceTree = "<group>"; };
		63C2254A256473AB00602A1B /* UserPhotoPreviewCollectionViewCell.xib */ = {isa = PBXFileReference; lastKnownFileType = file.xib; path = UserPhotoPreviewCollectionViewCell.xib; sourceTree = "<group>"; };
		63C2254E2564792E00602A1B /* PhotoGalleryService.swift */ = {isa = PBXFileReference; lastKnownFileType = sourcecode.swift; path = PhotoGalleryService.swift; sourceTree = "<group>"; };
		63E2FC1E254AD6DF00F1E0DE /* VerticalUserPreviewCollectionViewCell.swift */ = {isa = PBXFileReference; lastKnownFileType = sourcecode.swift; path = VerticalUserPreviewCollectionViewCell.swift; sourceTree = "<group>"; };
		63E2FC1F254AD6DF00F1E0DE /* VerticalUserPreviewCollectionViewCell.xib */ = {isa = PBXFileReference; lastKnownFileType = file.xib; path = VerticalUserPreviewCollectionViewCell.xib; sourceTree = "<group>"; };
		63E2FC2D254B03C500F1E0DE /* AuthScreen.storyboard */ = {isa = PBXFileReference; lastKnownFileType = file.storyboard; path = AuthScreen.storyboard; sourceTree = "<group>"; };
		63E2FC3125503B4200F1E0DE /* AuthScreenViewController.swift */ = {isa = PBXFileReference; lastKnownFileType = sourcecode.swift; path = AuthScreenViewController.swift; sourceTree = "<group>"; };
		63E6892F25545726000290F2 /* TextFieldExtension.swift */ = {isa = PBXFileReference; lastKnownFileType = sourcecode.swift; path = TextFieldExtension.swift; sourceTree = "<group>"; };
		63E689352554B93B000290F2 /* DataBaseService.swift */ = {isa = PBXFileReference; fileEncoding = 4; lastKnownFileType = sourcecode.swift; path = DataBaseService.swift; sourceTree = "<group>"; };
		63E6894225597B82000290F2 /* HorizontalUserPreviewTableViewCell.swift */ = {isa = PBXFileReference; lastKnownFileType = sourcecode.swift; path = HorizontalUserPreviewTableViewCell.swift; sourceTree = "<group>"; };
		63E6894325597B82000290F2 /* HorizontalUserPreviewTableViewCell.xib */ = {isa = PBXFileReference; lastKnownFileType = file.xib; path = HorizontalUserPreviewTableViewCell.xib; sourceTree = "<group>"; };
		63E6894A25597BB0000290F2 /* Profile.storyboard */ = {isa = PBXFileReference; fileEncoding = 4; lastKnownFileType = file.storyboard; path = Profile.storyboard; sourceTree = "<group>"; };
		63EA6A8A25519F6F00ECE6CA /* ProfileViewController.swift */ = {isa = PBXFileReference; lastKnownFileType = sourcecode.swift; path = ProfileViewController.swift; sourceTree = "<group>"; };
		63EA6A952551C18700ECE6CA /* FriendListViewController.swift */ = {isa = PBXFileReference; lastKnownFileType = sourcecode.swift; path = FriendListViewController.swift; sourceTree = "<group>"; };
		63F6B167256CE93B004DC52D /* FeedTableViewCell.swift */ = {isa = PBXFileReference; lastKnownFileType = sourcecode.swift; path = FeedTableViewCell.swift; sourceTree = "<group>"; };
		63F6B168256CE93B004DC52D /* FeedTableViewCell.xib */ = {isa = PBXFileReference; lastKnownFileType = file.xib; path = FeedTableViewCell.xib; sourceTree = "<group>"; };
		63F6B16C256D1AAA004DC52D /* FeedItem.swift */ = {isa = PBXFileReference; lastKnownFileType = sourcecode.swift; path = FeedItem.swift; sourceTree = "<group>"; };
/* End PBXFileReference section */

/* Begin PBXFrameworksBuildPhase section */
		63AAF2062549B4E60082A43D /* Frameworks */ = {
			isa = PBXFrameworksBuildPhase;
			buildActionMask = 2147483647;
			files = (
			);
			runOnlyForDeploymentPostprocessing = 0;
		};
/* End PBXFrameworksBuildPhase section */

/* Begin PBXGroup section */
		63AAF2002549B4E60082A43D = {
			isa = PBXGroup;
			children = (
				63AAF20B2549B4E60082A43D /* likeVK */,
				63AAF20A2549B4E60082A43D /* Products */,
			);
			sourceTree = "<group>";
		};
		63AAF20A2549B4E60082A43D /* Products */ = {
			isa = PBXGroup;
			children = (
				63AAF2092549B4E60082A43D /* likeVK.app */,
			);
			name = Products;
			sourceTree = "<group>";
		};
		63AAF20B2549B4E60082A43D /* likeVK */ = {
			isa = PBXGroup;
			children = (
				63EA6A9025519FCE00ECE6CA /* Profile */,
				63EA6A912551A27C00ECE6CA /* XIB */,
				63AAF20C2549B4E60082A43D /* AppDelegate.swift */,
				63AAF20E2549B4E60082A43D /* SceneDelegate.swift */,
				63AAF2122549B4E60082A43D /* Main.storyboard */,
				63AAF2102549B4E60082A43D /* MainViewController.swift */,
				63AAF2182549B4EB0082A43D /* Assets.xcassets */,
				63AAF21A2549B4EB0082A43D /* LaunchScreen.storyboard */,
				63E2FC2D254B03C500F1E0DE /* AuthScreen.storyboard */,
				63E2FC3125503B4200F1E0DE /* AuthScreenViewController.swift */,
				63AAF21D2549B4EB0082A43D /* Info.plist */,
				63AAF2152549B4E60082A43D /* likeVK.xcdatamodeld */,
				63BF7AD92554166D002199A5 /* User.swift */,
				63E6892F25545726000290F2 /* TextFieldExtension.swift */,
				63F6B16C256D1AAA004DC52D /* FeedItem.swift */,
			);
			path = likeVK;
			sourceTree = "<group>";
		};
		63EA6A9025519FCE00ECE6CA /* Profile */ = {
			isa = PBXGroup;
			children = (
				63E6894A25597BB0000290F2 /* Profile.storyboard */,
				63EA6A8A25519F6F00ECE6CA /* ProfileViewController.swift */,
				63EA6A952551C18700ECE6CA /* FriendListViewController.swift */,
				632F0D81256FED2600BDD25A /* FriendViewController.swift */,
				63E689352554B93B000290F2 /* DataBaseService.swift */,
				63C2254E2564792E00602A1B /* PhotoGalleryService.swift */,
			);
			path = Profile;
			sourceTree = "<group>";
		};
		63EA6A912551A27C00ECE6CA /* XIB */ = {
			isa = PBXGroup;
			children = (
				63E6894225597B82000290F2 /* HorizontalUserPreviewTableViewCell.swift */,
				63E6894325597B82000290F2 /* HorizontalUserPreviewTableViewCell.xib */,
				63E2FC1E254AD6DF00F1E0DE /* VerticalUserPreviewCollectionViewCell.swift */,
				63E2FC1F254AD6DF00F1E0DE /* VerticalUserPreviewCollectionViewCell.xib */,
				63C22549256473AB00602A1B /* UserPhotoPreviewCollectionViewCell.swift */,
				63C2254A256473AB00602A1B /* UserPhotoPreviewCollectionViewCell.xib */,
				63F6B167256CE93B004DC52D /* FeedTableViewCell.swift */,
				63F6B168256CE93B004DC52D /* FeedTableViewCell.xib */,
			);
			path = XIB;
			sourceTree = "<group>";
		};
/* End PBXGroup section */

/* Begin PBXNativeTarget section */
		63AAF2082549B4E60082A43D /* likeVK */ = {
			isa = PBXNativeTarget;
			buildConfigurationList = 63AAF2202549B4EB0082A43D /* Build configuration list for PBXNativeTarget "likeVK" */;
			buildPhases = (
				63AAF2052549B4E60082A43D /* Sources */,
				63AAF2062549B4E60082A43D /* Frameworks */,
				63AAF2072549B4E60082A43D /* Resources */,
			);
			buildRules = (
			);
			dependencies = (
			);
			name = likeVK;
			productName = likeVK;
			productReference = 63AAF2092549B4E60082A43D /* likeVK.app */;
			productType = "com.apple.product-type.application";
		};
/* End PBXNativeTarget section */

/* Begin PBXProject section */
		63AAF2012549B4E60082A43D /* Project object */ = {
			isa = PBXProject;
			attributes = {
				LastSwiftUpdateCheck = 1200;
				LastUpgradeCheck = 1200;
				TargetAttributes = {
					63AAF2082549B4E60082A43D = {
						CreatedOnToolsVersion = 12.0.1;
					};
				};
			};
			buildConfigurationList = 63AAF2042549B4E60082A43D /* Build configuration list for PBXProject "likeVK" */;
			compatibilityVersion = "Xcode 9.3";
			developmentRegion = en;
			hasScannedForEncodings = 0;
			knownRegions = (
				en,
				Base,
			);
			mainGroup = 63AAF2002549B4E60082A43D;
			productRefGroup = 63AAF20A2549B4E60082A43D /* Products */;
			projectDirPath = "";
			projectRoot = "";
			targets = (
				63AAF2082549B4E60082A43D /* likeVK */,
			);
		};
/* End PBXProject section */

/* Begin PBXResourcesBuildPhase section */
		63AAF2072549B4E60082A43D /* Resources */ = {
			isa = PBXResourcesBuildPhase;
			buildActionMask = 2147483647;
			files = (
				63F6B16A256CE93B004DC52D /* FeedTableViewCell.xib in Resources */,
				63E2FC21254AD6DF00F1E0DE /* VerticalUserPreviewCollectionViewCell.xib in Resources */,
				63AAF21C2549B4EB0082A43D /* LaunchScreen.storyboard in Resources */,
				63E6894B25597BB0000290F2 /* Profile.storyboard in Resources */,
				63AAF2192549B4EB0082A43D /* Assets.xcassets in Resources */,
				63E2FC2E254B03C500F1E0DE /* AuthScreen.storyboard in Resources */,
				63E6894525597B82000290F2 /* HorizontalUserPreviewTableViewCell.xib in Resources */,
				63AAF2142549B4E60082A43D /* Main.storyboard in Resources */,
				63C2254C256473AB00602A1B /* UserPhotoPreviewCollectionViewCell.xib in Resources */,
			);
			runOnlyForDeploymentPostprocessing = 0;
		};
/* End PBXResourcesBuildPhase section */

/* Begin PBXSourcesBuildPhase section */
		63AAF2052549B4E60082A43D /* Sources */ = {
			isa = PBXSourcesBuildPhase;
			buildActionMask = 2147483647;
			files = (
				63AAF2112549B4E60082A43D /* MainViewController.swift in Sources */,
				63EA6A962551C18700ECE6CA /* FriendListViewController.swift in Sources */,
				63C2254B256473AB00602A1B /* UserPhotoPreviewCollectionViewCell.swift in Sources */,
				63AAF2172549B4E60082A43D /* likeVK.xcdatamodeld in Sources */,
				63F6B169256CE93B004DC52D /* FeedTableViewCell.swift in Sources */,
				63E2FC3225503B4200F1E0DE /* AuthScreenViewController.swift in Sources */,
				632F0D82256FED2600BDD25A /* FriendViewController.swift in Sources */,
				63E2FC20254AD6DF00F1E0DE /* VerticalUserPreviewCollectionViewCell.swift in Sources */,
				63E6894425597B82000290F2 /* HorizontalUserPreviewTableViewCell.swift in Sources */,
				63E689362554B93B000290F2 /* DataBaseService.swift in Sources */,
				63EA6A8B25519F6F00ECE6CA /* ProfileViewController.swift in Sources */,
				63BF7ADA2554166D002199A5 /* User.swift in Sources */,
				63E6893025545726000290F2 /* TextFieldExtension.swift in Sources */,
				63F6B16D256D1AAA004DC52D /* FeedItem.swift in Sources */,
				63AAF20D2549B4E60082A43D /* AppDelegate.swift in Sources */,
				63AAF20F2549B4E60082A43D /* SceneDelegate.swift in Sources */,
				63C2254F2564792E00602A1B /* PhotoGalleryService.swift in Sources */,
			);
			runOnlyForDeploymentPostprocessing = 0;
		};
/* End PBXSourcesBuildPhase section */

/* Begin PBXVariantGroup section */
		63AAF2122549B4E60082A43D /* Main.storyboard */ = {
			isa = PBXVariantGroup;
			children = (
				63AAF2132549B4E60082A43D /* Base */,
			);
			name = Main.storyboard;
			sourceTree = "<group>";
		};
		63AAF21A2549B4EB0082A43D /* LaunchScreen.storyboard */ = {
			isa = PBXVariantGroup;
			children = (
				63AAF21B2549B4EB0082A43D /* Base */,
			);
			name = LaunchScreen.storyboard;
			sourceTree = "<group>";
		};
/* End PBXVariantGroup section */

/* Begin XCBuildConfiguration section */
		63AAF21E2549B4EB0082A43D /* Debug */ = {
			isa = XCBuildConfiguration;
			buildSettings = {
				ALWAYS_SEARCH_USER_PATHS = NO;
				CLANG_ANALYZER_NONNULL = YES;
				CLANG_ANALYZER_NUMBER_OBJECT_CONVERSION = YES_AGGRESSIVE;
				CLANG_CXX_LANGUAGE_STANDARD = "gnu++14";
				CLANG_CXX_LIBRARY = "libc++";
				CLANG_ENABLE_MODULES = YES;
				CLANG_ENABLE_OBJC_ARC = YES;
				CLANG_ENABLE_OBJC_WEAK = YES;
				CLANG_WARN_BLOCK_CAPTURE_AUTORELEASING = YES;
				CLANG_WARN_BOOL_CONVERSION = YES;
				CLANG_WARN_COMMA = YES;
				CLANG_WARN_CONSTANT_CONVERSION = YES;
				CLANG_WARN_DEPRECATED_OBJC_IMPLEMENTATIONS = YES;
				CLANG_WARN_DIRECT_OBJC_ISA_USAGE = YES_ERROR;
				CLANG_WARN_DOCUMENTATION_COMMENTS = YES;
				CLANG_WARN_EMPTY_BODY = YES;
				CLANG_WARN_ENUM_CONVERSION = YES;
				CLANG_WARN_INFINITE_RECURSION = YES;
				CLANG_WARN_INT_CONVERSION = YES;
				CLANG_WARN_NON_LITERAL_NULL_CONVERSION = YES;
				CLANG_WARN_OBJC_IMPLICIT_RETAIN_SELF = YES;
				CLANG_WARN_OBJC_LITERAL_CONVERSION = YES;
				CLANG_WARN_OBJC_ROOT_CLASS = YES_ERROR;
				CLANG_WARN_QUOTED_INCLUDE_IN_FRAMEWORK_HEADER = YES;
				CLANG_WARN_RANGE_LOOP_ANALYSIS = YES;
				CLANG_WARN_STRICT_PROTOTYPES = YES;
				CLANG_WARN_SUSPICIOUS_MOVE = YES;
				CLANG_WARN_UNGUARDED_AVAILABILITY = YES_AGGRESSIVE;
				CLANG_WARN_UNREACHABLE_CODE = YES;
				CLANG_WARN__DUPLICATE_METHOD_MATCH = YES;
				COPY_PHASE_STRIP = NO;
				DEBUG_INFORMATION_FORMAT = dwarf;
				ENABLE_STRICT_OBJC_MSGSEND = YES;
				ENABLE_TESTABILITY = YES;
				GCC_C_LANGUAGE_STANDARD = gnu11;
				GCC_DYNAMIC_NO_PIC = NO;
				GCC_NO_COMMON_BLOCKS = YES;
				GCC_OPTIMIZATION_LEVEL = 0;
				GCC_PREPROCESSOR_DEFINITIONS = (
					"DEBUG=1",
					"$(inherited)",
				);
				GCC_WARN_64_TO_32_BIT_CONVERSION = YES;
				GCC_WARN_ABOUT_RETURN_TYPE = YES_ERROR;
				GCC_WARN_UNDECLARED_SELECTOR = YES;
				GCC_WARN_UNINITIALIZED_AUTOS = YES_AGGRESSIVE;
				GCC_WARN_UNUSED_FUNCTION = YES;
				GCC_WARN_UNUSED_VARIABLE = YES;
				IPHONEOS_DEPLOYMENT_TARGET = 14.0;
				MTL_ENABLE_DEBUG_INFO = INCLUDE_SOURCE;
				MTL_FAST_MATH = YES;
				ONLY_ACTIVE_ARCH = YES;
				SDKROOT = iphoneos;
				SWIFT_ACTIVE_COMPILATION_CONDITIONS = DEBUG;
				SWIFT_OPTIMIZATION_LEVEL = "-Onone";
			};
			name = Debug;
		};
		63AAF21F2549B4EB0082A43D /* Release */ = {
			isa = XCBuildConfiguration;
			buildSettings = {
				ALWAYS_SEARCH_USER_PATHS = NO;
				CLANG_ANALYZER_NONNULL = YES;
				CLANG_ANALYZER_NUMBER_OBJECT_CONVERSION = YES_AGGRESSIVE;
				CLANG_CXX_LANGUAGE_STANDARD = "gnu++14";
				CLANG_CXX_LIBRARY = "libc++";
				CLANG_ENABLE_MODULES = YES;
				CLANG_ENABLE_OBJC_ARC = YES;
				CLANG_ENABLE_OBJC_WEAK = YES;
				CLANG_WARN_BLOCK_CAPTURE_AUTORELEASING = YES;
				CLANG_WARN_BOOL_CONVERSION = YES;
				CLANG_WARN_COMMA = YES;
				CLANG_WARN_CONSTANT_CONVERSION = YES;
				CLANG_WARN_DEPRECATED_OBJC_IMPLEMENTATIONS = YES;
				CLANG_WARN_DIRECT_OBJC_ISA_USAGE = YES_ERROR;
				CLANG_WARN_DOCUMENTATION_COMMENTS = YES;
				CLANG_WARN_EMPTY_BODY = YES;
				CLANG_WARN_ENUM_CONVERSION = YES;
				CLANG_WARN_INFINITE_RECURSION = YES;
				CLANG_WARN_INT_CONVERSION = YES;
				CLANG_WARN_NON_LITERAL_NULL_CONVERSION = YES;
				CLANG_WARN_OBJC_IMPLICIT_RETAIN_SELF = YES;
				CLANG_WARN_OBJC_LITERAL_CONVERSION = YES;
				CLANG_WARN_OBJC_ROOT_CLASS = YES_ERROR;
				CLANG_WARN_QUOTED_INCLUDE_IN_FRAMEWORK_HEADER = YES;
				CLANG_WARN_RANGE_LOOP_ANALYSIS = YES;
				CLANG_WARN_STRICT_PROTOTYPES = YES;
				CLANG_WARN_SUSPICIOUS_MOVE = YES;
				CLANG_WARN_UNGUARDED_AVAILABILITY = YES_AGGRESSIVE;
				CLANG_WARN_UNREACHABLE_CODE = YES;
				CLANG_WARN__DUPLICATE_METHOD_MATCH = YES;
				COPY_PHASE_STRIP = NO;
				DEBUG_INFORMATION_FORMAT = "dwarf-with-dsym";
				ENABLE_NS_ASSERTIONS = NO;
				ENABLE_STRICT_OBJC_MSGSEND = YES;
				GCC_C_LANGUAGE_STANDARD = gnu11;
				GCC_NO_COMMON_BLOCKS = YES;
				GCC_WARN_64_TO_32_BIT_CONVERSION = YES;
				GCC_WARN_ABOUT_RETURN_TYPE = YES_ERROR;
				GCC_WARN_UNDECLARED_SELECTOR = YES;
				GCC_WARN_UNINITIALIZED_AUTOS = YES_AGGRESSIVE;
				GCC_WARN_UNUSED_FUNCTION = YES;
				GCC_WARN_UNUSED_VARIABLE = YES;
				IPHONEOS_DEPLOYMENT_TARGET = 14.0;
				MTL_ENABLE_DEBUG_INFO = NO;
				MTL_FAST_MATH = YES;
				SDKROOT = iphoneos;
				SWIFT_COMPILATION_MODE = wholemodule;
				SWIFT_OPTIMIZATION_LEVEL = "-O";
				VALIDATE_PRODUCT = YES;
			};
			name = Release;
		};
		63AAF2212549B4EB0082A43D /* Debug */ = {
			isa = XCBuildConfiguration;
			buildSettings = {
				ASSETCATALOG_COMPILER_APPICON_NAME = AppIcon;
				ASSETCATALOG_COMPILER_GLOBAL_ACCENT_COLOR_NAME = AccentColor;
				CODE_SIGN_STYLE = Automatic;
				DEVELOPMENT_TEAM = D2G76PHL29;
				INFOPLIST_FILE = likeVK/Info.plist;
				LD_RUNPATH_SEARCH_PATHS = (
					"$(inherited)",
					"@executable_path/Frameworks",
				);
				PRODUCT_BUNDLE_IDENTIFIER = com.jamhome.likeVK;
				PRODUCT_NAME = "$(TARGET_NAME)";
				SWIFT_VERSION = 5.0;
				TARGETED_DEVICE_FAMILY = "1,2";
			};
			name = Debug;
		};
		63AAF2222549B4EB0082A43D /* Release */ = {
			isa = XCBuildConfiguration;
			buildSettings = {
				ASSETCATALOG_COMPILER_APPICON_NAME = AppIcon;
				ASSETCATALOG_COMPILER_GLOBAL_ACCENT_COLOR_NAME = AccentColor;
				CODE_SIGN_STYLE = Automatic;
				DEVELOPMENT_TEAM = D2G76PHL29;
				INFOPLIST_FILE = likeVK/Info.plist;
				LD_RUNPATH_SEARCH_PATHS = (
					"$(inherited)",
					"@executable_path/Frameworks",
				);
				PRODUCT_BUNDLE_IDENTIFIER = com.jamhome.likeVK;
				PRODUCT_NAME = "$(TARGET_NAME)";
				SWIFT_VERSION = 5.0;
				TARGETED_DEVICE_FAMILY = "1,2";
			};
			name = Release;
		};
/* End XCBuildConfiguration section */

/* Begin XCConfigurationList section */
		63AAF2042549B4E60082A43D /* Build configuration list for PBXProject "likeVK" */ = {
			isa = XCConfigurationList;
			buildConfigurations = (
				63AAF21E2549B4EB0082A43D /* Debug */,
				63AAF21F2549B4EB0082A43D /* Release */,
			);
			defaultConfigurationIsVisible = 0;
			defaultConfigurationName = Release;
		};
		63AAF2202549B4EB0082A43D /* Build configuration list for PBXNativeTarget "likeVK" */ = {
			isa = XCConfigurationList;
			buildConfigurations = (
				63AAF2212549B4EB0082A43D /* Debug */,
				63AAF2222549B4EB0082A43D /* Release */,
			);
			defaultConfigurationIsVisible = 0;
			defaultConfigurationName = Release;
		};
/* End XCConfigurationList section */

/* Begin XCVersionGroup section */
		63AAF2152549B4E60082A43D /* likeVK.xcdatamodeld */ = {
			isa = XCVersionGroup;
			children = (
				63AAF2162549B4E60082A43D /* likeVK.xcdatamodel */,
			);
			currentVersion = 63AAF2162549B4E60082A43D /* likeVK.xcdatamodel */;
			path = likeVK.xcdatamodeld;
			sourceTree = "<group>";
			versionGroupType = wrapper.xcdatamodel;
		};
/* End XCVersionGroup section */
	};
	rootObject = 63AAF2012549B4E60082A43D /* Project object */;
}
